
Microsoft Visual Studio Solution File, Format Version 12.00
Project("{FAE04EC0-301F-11D3-BF4B-00C04F79EFBC}") = "ProjectEuler.Runner", "ProjectEuler.Runner\ProjectEuler.Runner.csproj", "{A1168A9D-064C-408E-81F5-8210A5B32DCA}"
EndProject
Project("{FAE04EC0-301F-11D3-BF4B-00C04F79EFBC}") = "ProjectEuler.Tests", "ProjectEuler.Tests\ProjectEuler.Tests.csproj", "{7C139737-1A7B-4511-ABCD-3B634AE965A1}"
EndProject
Project("{FAE04EC0-301F-11D3-BF4B-00C04F79EFBC}") = "ProjectEuler.Service", "ProjectEuler.Service\ProjectEuler.Service.csproj", "{4FE4046F-7D84-4C41-A544-ACAE2616E17D}"
EndProject
Global
	GlobalSection(SolutionConfigurationPlatforms) = preSolution
		Debug|Any CPU = Debug|Any CPU
		Release|Any CPU = Release|Any CPU
	EndGlobalSection
	GlobalSection(ProjectConfigurationPlatforms) = postSolution
		{A1168A9D-064C-408E-81F5-8210A5B32DCA}.Debug|Any CPU.ActiveCfg = Debug|Any CPU
		{A1168A9D-064C-408E-81F5-8210A5B32DCA}.Debug|Any CPU.Build.0 = Debug|Any CPU
		{A1168A9D-064C-408E-81F5-8210A5B32DCA}.Release|Any CPU.ActiveCfg = Release|Any CPU
		{A1168A9D-064C-408E-81F5-8210A5B32DCA}.Release|Any CPU.Build.0 = Release|Any CPU
		{7C139737-1A7B-4511-ABCD-3B634AE965A1}.Debug|Any CPU.ActiveCfg = Debug|Any CPU
		{7C139737-1A7B-4511-ABCD-3B634AE965A1}.Debug|Any CPU.Build.0 = Debug|Any CPU
		{7C139737-1A7B-4511-ABCD-3B634AE965A1}.Release|Any CPU.ActiveCfg = Release|Any CPU
		{7C139737-1A7B-4511-ABCD-3B634AE965A1}.Release|Any CPU.Build.0 = Release|Any CPU
		{4FE4046F-7D84-4C41-A544-ACAE2616E17D}.Debug|Any CPU.ActiveCfg = Debug|Any CPU
		{4FE4046F-7D84-4C41-A544-ACAE2616E17D}.Debug|Any CPU.Build.0 = Debug|Any CPU
		{4FE4046F-7D84-4C41-A544-ACAE2616E17D}.Release|Any CPU.ActiveCfg = Release|Any CPU
		{4FE4046F-7D84-4C41-A544-ACAE2616E17D}.Release|Any CPU.Build.0 = Release|Any CPU
	EndGlobalSection
EndGlobal
